{
  "object": {
    "pins": [
      {
        "package": "Neumorphic",
        "repositoryURL": "https://github.com/costachung/neumorphic/",
        "state": {
          "branch": "master",
          "revision": "3fa56e844a5e375ff3d38e3c770886bcc949f6f5",
          "version": null
        }
      },
      {
        "package": "CachedAsyncImage",
        "repositoryURL": "https://github.com/lorenzofiamingo/SwiftUI-CachedAsyncImage",
        "state": {
          "branch": null,
          "revision": "eb489a699be1f6e6c1a19fecdd6bfdc556474fd6",
          "version": "1.4.0"
        }
      }
    ]
  },
  "version": 1
}
